
Microsoft Visual Studio Solution File, Format Version 12.00
# Visual Studio Version 17
VisualStudioVersion = 17.14.36414.22
MinimumVisualStudioVersion = 10.0.40219.1
Project("{FAE04EC0-301F-11D3-BF4B-00C04F79EFBC}") = "campos-diogo-a2-2d-interactive-drawing", "campos-diogo-a2-2d-interactive-drawing.csproj", "{CBC9B7C0-65F8-45C7-9785-3EC083D313DA}"
EndProject
Global
	GlobalSection(SolutionConfigurationPlatforms) = preSolution
		Debug|Any CPU = Debug|Any CPU
		Release|Any CPU = Release|Any CPU
	EndGlobalSection
	GlobalSection(ProjectConfigurationPlatforms) = postSolution
		{CBC9B7C0-65F8-45C7-9785-3EC083D313DA}.Debug|Any CPU.ActiveCfg = Debug|Any CPU
		{CBC9B7C0-65F8-45C7-9785-3EC083D313DA}.Debug|Any CPU.Build.0 = Debug|Any CPU
		{CBC9B7C0-65F8-45C7-9785-3EC083D313DA}.Release|Any CPU.ActiveCfg = Release|Any CPU
		{CBC9B7C0-65F8-45C7-9785-3EC083D313DA}.Release|Any CPU.Build.0 = Release|Any CPU
	EndGlobalSection
	GlobalSection(SolutionProperties) = preSolution
		HideSolutionNode = FALSE
	EndGlobalSection
	GlobalSection(ExtensibilityGlobals) = postSolution
		SolutionGuid = {4312376E-01ED-4D92-8AB4-21A2BE06A25F}
	EndGlobalSection
EndGlobal
